
Microsoft Visual Studio Solution File, Format Version 12.00
# Visual Studio Version 17
VisualStudioVersion = 17.2.32526.322
MinimumVisualStudioVersion = 10.0.40219.1
Project("{FAE04EC0-301F-11D3-BF4B-00C04F79EFBC}") = "DisneyJS", "DisneyJS\DisneyJS.csproj", "{CC3598D7-586F-4017-B164-B24F4B4966B7}"
EndProject
Global
	GlobalSection(SolutionConfigurationPlatforms) = preSolution
		Debug|Any CPU = Debug|Any CPU
		Release|Any CPU = Release|Any CPU
	EndGlobalSection
	GlobalSection(ProjectConfigurationPlatforms) = postSolution
		{CC3598D7-586F-4017-B164-B24F4B4966B7}.Debug|Any CPU.ActiveCfg = Debug|Any CPU
		{CC3598D7-586F-4017-B164-B24F4B4966B7}.Debug|Any CPU.Build.0 = Debug|Any CPU
		{CC3598D7-586F-4017-B164-B24F4B4966B7}.Release|Any CPU.ActiveCfg = Release|Any CPU
		{CC3598D7-586F-4017-B164-B24F4B4966B7}.Release|Any CPU.Build.0 = Release|Any CPU
	EndGlobalSection
	GlobalSection(SolutionProperties) = preSolution
		HideSolutionNode = FALSE
	EndGlobalSection
	GlobalSection(ExtensibilityGlobals) = postSolution
		SolutionGuid = {05720220-533E-4923-A578-47A8F6574F8B}
	EndGlobalSection
EndGlobal
